
Microsoft Visual Studio Solution File, Format Version 12.00
# Visual Studio Version 16
VisualStudioVersion = 16.0.31624.102
MinimumVisualStudioVersion = 10.0.40219.1
Project("{FAE04EC0-301F-11D3-BF4B-00C04F79EFBC}") = "TP_Write_Read_Files", "TP_Write_Read_Files.csproj", "{0FFD550F-83CE-42EA-B69A-7071D650EB28}"
EndProject
Global
	GlobalSection(SolutionConfigurationPlatforms) = preSolution
		Debug|Any CPU = Debug|Any CPU
		Release|Any CPU = Release|Any CPU
	EndGlobalSection
	GlobalSection(ProjectConfigurationPlatforms) = postSolution
		{0FFD550F-83CE-42EA-B69A-7071D650EB28}.Debug|Any CPU.ActiveCfg = Debug|Any CPU
		{0FFD550F-83CE-42EA-B69A-7071D650EB28}.Debug|Any CPU.Build.0 = Debug|Any CPU
		{0FFD550F-83CE-42EA-B69A-7071D650EB28}.Release|Any CPU.ActiveCfg = Release|Any CPU
		{0FFD550F-83CE-42EA-B69A-7071D650EB28}.Release|Any CPU.Build.0 = Release|Any CPU
	EndGlobalSection
	GlobalSection(SolutionProperties) = preSolution
		HideSolutionNode = FALSE
	EndGlobalSection
	GlobalSection(ExtensibilityGlobals) = postSolution
		SolutionGuid = {EC9A40E1-4344-41BA-9E9E-F6B5BFC7F8BF}
	EndGlobalSection
EndGlobal
